// !$*UTF8*$!
{
	archiveVersion = 1;
	classes = {
	};
	objectVersion = 46;
	objects = {

/* Begin PBXBuildFile section */
		738518DF1D533CFC004A359C /* ViewController.swift in Sources */ = {isa = PBXBuildFile; fileRef = 738518DE1D533CFC004A359C /* ViewController.swift */; };
		738518E21D533D15004A359C /* AppDelegate.swift in Sources */ = {isa = PBXBuildFile; fileRef = 738518E11D533D15004A359C /* AppDelegate.swift */; };
		738518E81D533D31004A359C /* LaunchScreen.storyboard in Resources */ = {isa = PBXBuildFile; fileRef = 738518E41D533D31004A359C /* LaunchScreen.storyboard */; };
		738518E91D533D31004A359C /* Main.storyboard in Resources */ = {isa = PBXBuildFile; fileRef = 738518E61D533D31004A359C /* Main.storyboard */; };
		738518ED1D533D49004A359C /* Assets.xcassets in Resources */ = {isa = PBXBuildFile; fileRef = 738518EB1D533D49004A359C /* Assets.xcassets */; };
		738518EE1D533D49004A359C /* Info.plist in Resources */ = {isa = PBXBuildFile; fileRef = 738518EC1D533D49004A359C /* Info.plist */; };
		73D5AE9E1D51C1090026911E /* GAWebServiceHandler.swift in Sources */ = {isa = PBXBuildFile; fileRef = 73D5AE9D1D51C1090026911E /* GAWebServiceHandler.swift */; };
		73D5AEA21D51C71A0026911E /* Constants.swift in Sources */ = {isa = PBXBuildFile; fileRef = 73D5AEA01D51C71A0026911E /* Constants.swift */; };
		73D5AEA31D51C71A0026911E /* Utility.swift in Sources */ = {isa = PBXBuildFile; fileRef = 73D5AEA11D51C71A0026911E /* Utility.swift */; };
		73D5AEA61D51EEAF0026911E /* CoreDataModel.xcdatamodeld in Sources */ = {isa = PBXBuildFile; fileRef = 73D5AEA41D51EEAF0026911E /* CoreDataModel.xcdatamodeld */; };
		9EED2BEBB6CF8E5494E8812F /* Pods_BaseiOS.framework in Frameworks */ = {isa = PBXBuildFile; fileRef = D3B9CD93926ACF6383962C94 /* Pods_BaseiOS.framework */; };
/* End PBXBuildFile section */

/* Begin PBXFileReference section */
		738518DE1D533CFC004A359C /* ViewController.swift */ = {isa = PBXFileReference; fileEncoding = 4; lastKnownFileType = sourcecode.swift; path = ViewController.swift; sourceTree = "<group>"; };
		738518E11D533D15004A359C /* AppDelegate.swift */ = {isa = PBXFileReference; fileEncoding = 4; lastKnownFileType = sourcecode.swift; path = AppDelegate.swift; sourceTree = "<group>"; };
		738518E51D533D31004A359C /* Base */ = {isa = PBXFileReference; lastKnownFileType = file.storyboard; name = Base; path = Base.lproj/LaunchScreen.storyboard; sourceTree = "<group>"; };
		738518E71D533D31004A359C /* Base */ = {isa = PBXFileReference; lastKnownFileType = file.storyboard; name = Base; path = Base.lproj/Main.storyboard; sourceTree = "<group>"; };
		738518EB1D533D49004A359C /* Assets.xcassets */ = {isa = PBXFileReference; lastKnownFileType = folder.assetcatalog; path = Assets.xcassets; sourceTree = "<group>"; };
		738518EC1D533D49004A359C /* Info.plist */ = {isa = PBXFileReference; fileEncoding = 4; lastKnownFileType = text.plist.xml; path = Info.plist; sourceTree = "<group>"; };
		73D5AE871D51C0600026911E /* BaseiOS.app */ = {isa = PBXFileReference; explicitFileType = wrapper.application; includeInIndex = 0; path = BaseiOS.app; sourceTree = BUILT_PRODUCTS_DIR; };
		73D5AE9D1D51C1090026911E /* GAWebServiceHandler.swift */ = {isa = PBXFileReference; fileEncoding = 4; lastKnownFileType = sourcecode.swift; path = GAWebServiceHandler.swift; sourceTree = "<group>"; };
		73D5AEA01D51C71A0026911E /* Constants.swift */ = {isa = PBXFileReference; fileEncoding = 4; lastKnownFileType = sourcecode.swift; path = Constants.swift; sourceTree = "<group>"; };
		73D5AEA11D51C71A0026911E /* Utility.swift */ = {isa = PBXFileReference; fileEncoding = 4; lastKnownFileType = sourcecode.swift; path = Utility.swift; sourceTree = "<group>"; };
		73D5AEA51D51EEAF0026911E /* CoreDataModel.xcdatamodel */ = {isa = PBXFileReference; lastKnownFileType = wrapper.xcdatamodel; path = CoreDataModel.xcdatamodel; sourceTree = "<group>"; };
		AE1AD61E129C93BD871E2E67 /* Pods-BaseiOS.debug.xcconfig */ = {isa = PBXFileReference; includeInIndex = 1; lastKnownFileType = text.xcconfig; name = "Pods-BaseiOS.debug.xcconfig"; path = "Pods/Target Support Files/Pods-BaseiOS/Pods-BaseiOS.debug.xcconfig"; sourceTree = "<group>"; };
		D3B9CD93926ACF6383962C94 /* Pods_BaseiOS.framework */ = {isa = PBXFileReference; explicitFileType = wrapper.framework; includeInIndex = 0; path = Pods_BaseiOS.framework; sourceTree = BUILT_PRODUCTS_DIR; };
		E4BDD159ADAF9469B1E1F472 /* Pods-BaseiOS.release.xcconfig */ = {isa = PBXFileReference; includeInIndex = 1; lastKnownFileType = text.xcconfig; name = "Pods-BaseiOS.release.xcconfig"; path = "Pods/Target Support Files/Pods-BaseiOS/Pods-BaseiOS.release.xcconfig"; sourceTree = "<group>"; };
/* End PBXFileReference section */

/* Begin PBXFrameworksBuildPhase section */
		73D5AE841D51C0600026911E /* Frameworks */ = {
			isa = PBXFrameworksBuildPhase;
			buildActionMask = 2147483647;
			files = (
				9EED2BEBB6CF8E5494E8812F /* Pods_BaseiOS.framework in Frameworks */,
			);
			runOnlyForDeploymentPostprocessing = 0;
		};
/* End PBXFrameworksBuildPhase section */

/* Begin PBXGroup section */
		5125B5CE747B59C43B2E08B5 /* Frameworks */ = {
			isa = PBXGroup;
			children = (
				D3B9CD93926ACF6383962C94 /* Pods_BaseiOS.framework */,
			);
			name = Frameworks;
			sourceTree = "<group>";
		};
		738518DA1D533CD6004A359C /* Business Layer */ = {
			isa = PBXGroup;
			children = (
				738518DB1D533CD6004A359C /* Home */,
			);
			path = "Business Layer";
			sourceTree = "<group>";
		};
		738518DB1D533CD6004A359C /* Home */ = {
			isa = PBXGroup;
			children = (
			);
			path = Home;
			sourceTree = "<group>";
		};
		738518DC1D533CFC004A359C /* View Controller */ = {
			isa = PBXGroup;
			children = (
				738518DD1D533CFC004A359C /* Home */,
			);
			path = "View Controller";
			sourceTree = "<group>";
		};
		738518DD1D533CFC004A359C /* Home */ = {
			isa = PBXGroup;
			children = (
				738518DE1D533CFC004A359C /* ViewController.swift */,
			);
			path = Home;
			sourceTree = "<group>";
		};
		738518E01D533D15004A359C /* App Delegate */ = {
			isa = PBXGroup;
			children = (
				738518E11D533D15004A359C /* AppDelegate.swift */,
			);
			path = "App Delegate";
			sourceTree = "<group>";
		};
		738518E31D533D31004A359C /* Storyboard : Xib */ = {
			isa = PBXGroup;
			children = (
				738518E41D533D31004A359C /* LaunchScreen.storyboard */,
				738518E61D533D31004A359C /* Main.storyboard */,
			);
			path = "Storyboard : Xib";
			sourceTree = "<group>";
		};
		738518EA1D533D49004A359C /* Resources */ = {
			isa = PBXGroup;
			children = (
				738518EB1D533D49004A359C /* Assets.xcassets */,
				738518EC1D533D49004A359C /* Info.plist */,
			);
			path = Resources;
			sourceTree = "<group>";
		};
		73D5AE7E1D51C0600026911E = {
			isa = PBXGroup;
			children = (
				73D5AE891D51C0600026911E /* BaseiOS */,
				73D5AE881D51C0600026911E /* Products */,
				BF0239C61E6C66884EC082D7 /* Pods */,
				5125B5CE747B59C43B2E08B5 /* Frameworks */,
			);
			sourceTree = "<group>";
		};
		73D5AE881D51C0600026911E /* Products */ = {
			isa = PBXGroup;
			children = (
				73D5AE871D51C0600026911E /* BaseiOS.app */,
			);
			name = Products;
			sourceTree = "<group>";
		};
		73D5AE891D51C0600026911E /* BaseiOS */ = {
			isa = PBXGroup;
			children = (
				738518EA1D533D49004A359C /* Resources */,
				738518E31D533D31004A359C /* Storyboard : Xib */,
				738518E01D533D15004A359C /* App Delegate */,
				738518DC1D533CFC004A359C /* View Controller */,
				738518DA1D533CD6004A359C /* Business Layer */,
				73D5AE9F1D51C71A0026911E /* Utilities */,
				73D5AE9C1D51C1090026911E /* WebServiceCall */,
				73D5AEA41D51EEAF0026911E /* CoreDataModel.xcdatamodeld */,
			);
			path = BaseiOS;
			sourceTree = "<group>";
		};
		73D5AE9C1D51C1090026911E /* WebServiceCall */ = {
			isa = PBXGroup;
			children = (
				73D5AE9D1D51C1090026911E /* GAWebServiceHandler.swift */,
			);
			path = WebServiceCall;
			sourceTree = "<group>";
		};
		73D5AE9F1D51C71A0026911E /* Utilities */ = {
			isa = PBXGroup;
			children = (
				73D5AEA01D51C71A0026911E /* Constants.swift */,
				73D5AEA11D51C71A0026911E /* Utility.swift */,
			);
			path = Utilities;
			sourceTree = "<group>";
		};
		BF0239C61E6C66884EC082D7 /* Pods */ = {
			isa = PBXGroup;
			children = (
				AE1AD61E129C93BD871E2E67 /* Pods-BaseiOS.debug.xcconfig */,
				E4BDD159ADAF9469B1E1F472 /* Pods-BaseiOS.release.xcconfig */,
			);
			name = Pods;
			sourceTree = "<group>";
		};
/* End PBXGroup section */

/* Begin PBXNativeTarget section */
		73D5AE861D51C0600026911E /* BaseiOS */ = {
			isa = PBXNativeTarget;
			buildConfigurationList = 73D5AE991D51C0600026911E /* Build configuration list for PBXNativeTarget "BaseiOS" */;
			buildPhases = (
				59263A9A085BCDBE3C63AED8 /* [CP] Check Pods Manifest.lock */,
				73D5AE831D51C0600026911E /* Sources */,
				73D5AE841D51C0600026911E /* Frameworks */,
				73D5AE851D51C0600026911E /* Resources */,
				4245B9248706389919B480C1 /* [CP] Embed Pods Frameworks */,
				37F1F78117BA4CBB793D5806 /* [CP] Copy Pods Resources */,
			);
			buildRules = (
			);
			dependencies = (
			);
			name = BaseiOS;
			productName = BaseiOS;
			productReference = 73D5AE871D51C0600026911E /* BaseiOS.app */;
			productType = "com.apple.product-type.application";
		};
/* End PBXNativeTarget section */

/* Begin PBXProject section */
		73D5AE7F1D51C0600026911E /* Project object */ = {
			isa = PBXProject;
			attributes = {
				LastSwiftUpdateCheck = 0730;
				LastUpgradeCheck = 0730;
				ORGANIZATIONNAME = "Pardeep Chaudhary";
				TargetAttributes = {
					73D5AE861D51C0600026911E = {
						CreatedOnToolsVersion = 7.3;
					};
				};
			};
			buildConfigurationList = 73D5AE821D51C0600026911E /* Build configuration list for PBXProject "BaseiOS" */;
			compatibilityVersion = "Xcode 3.2";
			developmentRegion = English;
			hasScannedForEncodings = 0;
			knownRegions = (
				en,
				Base,
			);
			mainGroup = 73D5AE7E1D51C0600026911E;
			productRefGroup = 73D5AE881D51C0600026911E /* Products */;
			projectDirPath = "";
			projectRoot = "";
			targets = (
				73D5AE861D51C0600026911E /* BaseiOS */,
			);
		};
/* End PBXProject section */

/* Begin PBXResourcesBuildPhase section */
		73D5AE851D51C0600026911E /* Resources */ = {
			isa = PBXResourcesBuildPhase;
			buildActionMask = 2147483647;
			files = (
				738518EE1D533D49004A359C /* Info.plist in Resources */,
				738518E91D533D31004A359C /* Main.storyboard in Resources */,
				738518ED1D533D49004A359C /* Assets.xcassets in Resources */,
				738518E81D533D31004A359C /* LaunchScreen.storyboard in Resources */,
			);
			runOnlyForDeploymentPostprocessing = 0;
		};
/* End PBXResourcesBuildPhase section */

/* Begin PBXShellScriptBuildPhase section */
		37F1F78117BA4CBB793D5806 /* [CP] Copy Pods Resources */ = {
			isa = PBXShellScriptBuildPhase;
			buildActionMask = 2147483647;
			files = (
			);
			inputPaths = (
			);
			name = "[CP] Copy Pods Resources";
			outputPaths = (
			);
			runOnlyForDeploymentPostprocessing = 0;
			shellPath = /bin/sh;
			shellScript = "\"${SRCROOT}/Pods/Target Support Files/Pods-BaseiOS/Pods-BaseiOS-resources.sh\"\n";
			showEnvVarsInLog = 0;
		};
		4245B9248706389919B480C1 /* [CP] Embed Pods Frameworks */ = {
			isa = PBXShellScriptBuildPhase;
			buildActionMask = 2147483647;
			files = (
			);
			inputPaths = (
			);
			name = "[CP] Embed Pods Frameworks";
			outputPaths = (
			);
			runOnlyForDeploymentPostprocessing = 0;
			shellPath = /bin/sh;
			shellScript = "\"${SRCROOT}/Pods/Target Support Files/Pods-BaseiOS/Pods-BaseiOS-frameworks.sh\"\n";
			showEnvVarsInLog = 0;
		};
		59263A9A085BCDBE3C63AED8 /* [CP] Check Pods Manifest.lock */ = {
			isa = PBXShellScriptBuildPhase;
			buildActionMask = 2147483647;
			files = (
			);
			inputPaths = (
			);
			name = "[CP] Check Pods Manifest.lock";
			outputPaths = (
			);
			runOnlyForDeploymentPostprocessing = 0;
			shellPath = /bin/sh;
			shellScript = "diff \"${PODS_ROOT}/../Podfile.lock\" \"${PODS_ROOT}/Manifest.lock\" > /dev/null\nif [[ $? != 0 ]] ; then\n    cat << EOM\nerror: The sandbox is not in sync with the Podfile.lock. Run 'pod install' or update your CocoaPods installation.\nEOM\n    exit 1\nfi\n";
			showEnvVarsInLog = 0;
		};
/* End PBXShellScriptBuildPhase section */

/* Begin PBXSourcesBuildPhase section */
		73D5AE831D51C0600026911E /* Sources */ = {
			isa = PBXSourcesBuildPhase;
			buildActionMask = 2147483647;
			files = (
				738518E21D533D15004A359C /* AppDelegate.swift in Sources */,
				738518DF1D533CFC004A359C /* ViewController.swift in Sources */,
				73D5AEA31D51C71A0026911E /* Utility.swift in Sources */,
				73D5AEA61D51EEAF0026911E /* CoreDataModel.xcdatamodeld in Sources */,
				73D5AE9E1D51C1090026911E /* GAWebServiceHandler.swift in Sources */,
				73D5AEA21D51C71A0026911E /* Constants.swift in Sources */,
			);
			runOnlyForDeploymentPostprocessing = 0;
		};
/* End PBXSourcesBuildPhase section */

/* Begin PBXVariantGroup section */
		738518E41D533D31004A359C /* LaunchScreen.storyboard */ = {
			isa = PBXVariantGroup;
			children = (
				738518E51D533D31004A359C /* Base */,
			);
			name = LaunchScreen.storyboard;
			sourceTree = "<group>";
		};
		738518E61D533D31004A359C /* Main.storyboard */ = {
			isa = PBXVariantGroup;
			children = (
				738518E71D533D31004A359C /* Base */,
			);
			name = Main.storyboard;
			sourceTree = "<group>";
		};
/* End PBXVariantGroup section */

/* Begin XCBuildConfiguration section */
		73D5AE971D51C0600026911E /* Debug */ = {
			isa = XCBuildConfiguration;
			buildSettings = {
				ALWAYS_SEARCH_USER_PATHS = NO;
				CLANG_ANALYZER_NONNULL = YES;
				CLANG_CXX_LANGUAGE_STANDARD = "gnu++0x";
				CLANG_CXX_LIBRARY = "libc++";
				CLANG_ENABLE_MODULES = YES;
				CLANG_ENABLE_OBJC_ARC = YES;
				CLANG_WARN_BOOL_CONVERSION = YES;
				CLANG_WARN_CONSTANT_CONVERSION = YES;
				CLANG_WARN_DIRECT_OBJC_ISA_USAGE = YES_ERROR;
				CLANG_WARN_EMPTY_BODY = YES;
				CLANG_WARN_ENUM_CONVERSION = YES;
				CLANG_WARN_INT_CONVERSION = YES;
				CLANG_WARN_OBJC_ROOT_CLASS = YES_ERROR;
				CLANG_WARN_UNREACHABLE_CODE = YES;
				CLANG_WARN__DUPLICATE_METHOD_MATCH = YES;
				"CODE_SIGN_IDENTITY[sdk=iphoneos*]" = "iPhone Developer";
				COPY_PHASE_STRIP = NO;
				DEBUG_INFORMATION_FORMAT = dwarf;
				ENABLE_STRICT_OBJC_MSGSEND = YES;
				ENABLE_TESTABILITY = YES;
				GCC_C_LANGUAGE_STANDARD = gnu99;
				GCC_DYNAMIC_NO_PIC = NO;
				GCC_NO_COMMON_BLOCKS = YES;
				GCC_OPTIMIZATION_LEVEL = 0;
				GCC_PREPROCESSOR_DEFINITIONS = (
					"DEBUG=1",
					"$(inherited)",
				);
				GCC_WARN_64_TO_32_BIT_CONVERSION = YES;
				GCC_WARN_ABOUT_RETURN_TYPE = YES_ERROR;
				GCC_WARN_UNDECLARED_SELECTOR = YES;
				GCC_WARN_UNINITIALIZED_AUTOS = YES_AGGRESSIVE;
				GCC_WARN_UNUSED_FUNCTION = YES;
				GCC_WARN_UNUSED_VARIABLE = YES;
				IPHONEOS_DEPLOYMENT_TARGET = 9.3;
				MTL_ENABLE_DEBUG_INFO = YES;
				ONLY_ACTIVE_ARCH = YES;
				SDKROOT = iphoneos;
				SWIFT_OPTIMIZATION_LEVEL = "-Onone";
			};
			name = Debug;
		};
		73D5AE981D51C0600026911E /* Release */ = {
			isa = XCBuildConfiguration;
			buildSettings = {
				ALWAYS_SEARCH_USER_PATHS = NO;
				CLANG_ANALYZER_NONNULL = YES;
				CLANG_CXX_LANGUAGE_STANDARD = "gnu++0x";
				CLANG_CXX_LIBRARY = "libc++";
				CLANG_ENABLE_MODULES = YES;
				CLANG_ENABLE_OBJC_ARC = YES;
				CLANG_WARN_BOOL_CONVERSION = YES;
				CLANG_WARN_CONSTANT_CONVERSION = YES;
				CLANG_WARN_DIRECT_OBJC_ISA_USAGE = YES_ERROR;
				CLANG_WARN_EMPTY_BODY = YES;
				CLANG_WARN_ENUM_CONVERSION = YES;
				CLANG_WARN_INT_CONVERSION = YES;
				CLANG_WARN_OBJC_ROOT_CLASS = YES_ERROR;
				CLANG_WARN_UNREACHABLE_CODE = YES;
				CLANG_WARN__DUPLICATE_METHOD_MATCH = YES;
				"CODE_SIGN_IDENTITY[sdk=iphoneos*]" = "iPhone Developer";
				COPY_PHASE_STRIP = NO;
				DEBUG_INFORMATION_FORMAT = "dwarf-with-dsym";
				ENABLE_NS_ASSERTIONS = NO;
				ENABLE_STRICT_OBJC_MSGSEND = YES;
				GCC_C_LANGUAGE_STANDARD = gnu99;
				GCC_NO_COMMON_BLOCKS = YES;
				GCC_WARN_64_TO_32_BIT_CONVERSION = YES;
				GCC_WARN_ABOUT_RETURN_TYPE = YES_ERROR;
				GCC_WARN_UNDECLARED_SELECTOR = YES;
				GCC_WARN_UNINITIALIZED_AUTOS = YES_AGGRESSIVE;
				GCC_WARN_UNUSED_FUNCTION = YES;
				GCC_WARN_UNUSED_VARIABLE = YES;
				IPHONEOS_DEPLOYMENT_TARGET = 9.3;
				MTL_ENABLE_DEBUG_INFO = NO;
				SDKROOT = iphoneos;
				VALIDATE_PRODUCT = YES;
			};
			name = Release;
		};
		73D5AE9A1D51C0600026911E /* Debug */ = {
			isa = XCBuildConfiguration;
			baseConfigurationReference = AE1AD61E129C93BD871E2E67 /* Pods-BaseiOS.debug.xcconfig */;
			buildSettings = {
				ASSETCATALOG_COMPILER_APPICON_NAME = AppIcon;
				INFOPLIST_FILE = "$(SRCROOT)/BaseiOS/Resources/Info.plist";
				LD_RUNPATH_SEARCH_PATHS = "$(inherited) @executable_path/Frameworks";
				PRODUCT_BUNDLE_IDENTIFIER = com.programmingcrew.in.BaseiOS;
				PRODUCT_NAME = "$(TARGET_NAME)";
			};
			name = Debug;
		};
		73D5AE9B1D51C0600026911E /* Release */ = {
			isa = XCBuildConfiguration;
			baseConfigurationReference = E4BDD159ADAF9469B1E1F472 /* Pods-BaseiOS.release.xcconfig */;
			buildSettings = {
				ASSETCATALOG_COMPILER_APPICON_NAME = AppIcon;
				INFOPLIST_FILE = "$(SRCROOT)/BaseiOS/Resources/Info.plist";
				LD_RUNPATH_SEARCH_PATHS = "$(inherited) @executable_path/Frameworks";
				PRODUCT_BUNDLE_IDENTIFIER = com.programmingcrew.in.BaseiOS;
				PRODUCT_NAME = "$(TARGET_NAME)";
			};
			name = Release;
		};
/* End XCBuildConfiguration section */

/* Begin XCConfigurationList section */
		73D5AE821D51C0600026911E /* Build configuration list for PBXProject "BaseiOS" */ = {
			isa = XCConfigurationList;
			buildConfigurations = (
				73D5AE971D51C0600026911E /* Debug */,
				73D5AE981D51C0600026911E /* Release */,
			);
			defaultConfigurationIsVisible = 0;
			defaultConfigurationName = Release;
		};
		73D5AE991D51C0600026911E /* Build configuration list for PBXNativeTarget "BaseiOS" */ = {
			isa = XCConfigurationList;
			buildConfigurations = (
				73D5AE9A1D51C0600026911E /* Debug */,
				73D5AE9B1D51C0600026911E /* Release */,
			);
			defaultConfigurationIsVisible = 0;
			defaultConfigurationName = Release;
		};
/* End XCConfigurationList section */

/* Begin XCVersionGroup section */
		73D5AEA41D51EEAF0026911E /* CoreDataModel.xcdatamodeld */ = {
			isa = XCVersionGroup;
			children = (
				73D5AEA51D51EEAF0026911E /* CoreDataModel.xcdatamodel */,
			);
			currentVersion = 73D5AEA51D51EEAF0026911E /* CoreDataModel.xcdatamodel */;
			path = CoreDataModel.xcdatamodeld;
			sourceTree = "<group>";
			versionGroupType = wrapper.xcdatamodel;
		};
/* End XCVersionGroup section */
	};
	rootObject = 73D5AE7F1D51C0600026911E /* Project object */;
}
